{
  "originHash" : "7ab220e5d04f039d27007381e834a5486732f9f07a498d9de2436bf68615a25c",
  "pins" : [
    {
      "identity" : "keychainaccess",
      "kind" : "remoteSourceControl",
      "location" : "https://github.com/kishikawakatsumi/KeychainAccess",
      "state" : {
        "revision" : "84e546727d66f1adc5439debad16270d0fdd04e7",
        "version" : "4.2.2"
      }
    },
    {
      "identity" : "realm-core",
      "kind" : "remoteSourceControl",
      "location" : "https://github.com/realm/realm-core.git",
      "state" : {
        "revision" : "cccb3ca9e26ec452a29f2f0d4050d1e38b8a3d43",
        "version" : "14.14.0"
      }
    },
    {
      "identity" : "realm-swift",
      "kind" : "remoteSourceControl",
      "location" : "https://github.com/realm/realm-swift",
      "state" : {
        "revision" : "1c105d34f25af7851c5a3ff146be006de247a6b4",
        "version" : "10.54.6"
      }
    }
  ],
  "version" : 3
}
