{
  "originHash" : "a56ab5951e5133d35e4ac07fd4b18064c9c185908dada3015c01175f3f3967ce",
  "pins" : [
    {
      "identity" : "keychainaccess",
      "kind" : "remoteSourceControl",
      "location" : "https://github.com/kishikawakatsumi/KeychainAccess",
      "state" : {
        "branch" : "master",
        "revision" : "e0c7eebc5a4465a3c4680764f26b7a61f567cdaf"
      }
    },
    {
      "identity" : "swiftutilities",
      "kind" : "remoteSourceControl",
      "location" : "https://github.com/muhiro12/SwiftUtilities.git",
      "state" : {
        "revision" : "00ba0b0ad16e0899780132c30753a5893ed2b802",
        "version" : "1.22.0"
      }
    }
  ],
  "version" : 3
}
