{
  "originHash" : "335cbf7725b64db213315a9d297430b678c7a6019d9794fd55a6273436c2508d",
  "pins" : [
    {
      "identity" : "keychainaccess",
      "kind" : "remoteSourceControl",
      "location" : "https://github.com/kishikawakatsumi/KeychainAccess",
      "state" : {
        "revision" : "84e546727d66f1adc5439debad16270d0fdd04e7",
        "version" : "4.2.2"
      }
    },
    {
      "identity" : "swiftutilities",
      "kind" : "remoteSourceControl",
      "location" : "https://github.com/muhiro12/SwiftUtilities.git",
      "state" : {
        "revision" : "1e7e633caa979d8dafea34701dd48c8aa1b5e0ac",
        "version" : "1.31.0"
      }
    }
  ],
  "version" : 3
}
