// !$*UTF8*$!
{
	archiveVersion = 1;
	classes = {
	};
	objectVersion = 56;
	objects = {

/* Begin PBXBuildFile section */
		ADE4455D2B87AF8E00EF56A3 /* SwiftPlaygroundsApp.swift in Sources */ = {isa = PBXBuildFile; fileRef = ADE4455C2B87AF8E00EF56A3 /* SwiftPlaygroundsApp.swift */; };
		ADE4455F2B87AF8E00EF56A3 /* SampleContentView.swift in Sources */ = {isa = PBXBuildFile; fileRef = ADE4455E2B87AF8E00EF56A3 /* SampleContentView.swift */; };
		ADE445612B87AF8E00EF56A3 /* SampleItem.swift in Sources */ = {isa = PBXBuildFile; fileRef = ADE445602B87AF8E00EF56A3 /* SampleItem.swift */; };
		ADE445632B87AF9000EF56A3 /* Assets.xcassets in Resources */ = {isa = PBXBuildFile; fileRef = ADE445622B87AF9000EF56A3 /* Assets.xcassets */; };
		ADE445662B87AF9000EF56A3 /* Preview Assets.xcassets in Resources */ = {isa = PBXBuildFile; fileRef = ADE445652B87AF9000EF56A3 /* Preview Assets.xcassets */; };
		ADE445722B87AF9000EF56A3 /* SwiftPlaygroundsTests.swift in Sources */ = {isa = PBXBuildFile; fileRef = ADE445712B87AF9000EF56A3 /* SwiftPlaygroundsTests.swift */; };
		ADE4457C2B87AF9000EF56A3 /* SwiftPlaygroundsUITests.swift in Sources */ = {isa = PBXBuildFile; fileRef = ADE4457B2B87AF9000EF56A3 /* SwiftPlaygroundsUITests.swift */; };
		ADE4457E2B87AF9000EF56A3 /* SwiftPlaygroundsUITestsLaunchTests.swift in Sources */ = {isa = PBXBuildFile; fileRef = ADE4457D2B87AF9000EF56A3 /* SwiftPlaygroundsUITestsLaunchTests.swift */; };
		ADE4458C2B87B14C00EF56A3 /* ContentView.swift in Sources */ = {isa = PBXBuildFile; fileRef = ADE4458B2B87B14C00EF56A3 /* ContentView.swift */; };
		ADE4458F2B87BFFE00EF56A3 /* UserListView.swift in Sources */ = {isa = PBXBuildFile; fileRef = ADE4458E2B87BFFE00EF56A3 /* UserListView.swift */; };
		ADE445912B87C0F500EF56A3 /* APIClient.swift in Sources */ = {isa = PBXBuildFile; fileRef = ADE445902B87C0F500EF56A3 /* APIClient.swift */; };
		ADE445932B87C94E00EF56A3 /* UserRequest.swift in Sources */ = {isa = PBXBuildFile; fileRef = ADE445922B87C94E00EF56A3 /* UserRequest.swift */; };
		ADE445972B87CEBD00EF56A3 /* APIRequest.swift in Sources */ = {isa = PBXBuildFile; fileRef = ADE445962B87CEBD00EF56A3 /* APIRequest.swift */; };
		ADE445992B87CEDE00EF56A3 /* User.swift in Sources */ = {isa = PBXBuildFile; fileRef = ADE445982B87CEDE00EF56A3 /* User.swift */; };
		ADE4459B2B87CEFD00EF56A3 /* APIError.swift in Sources */ = {isa = PBXBuildFile; fileRef = ADE4459A2B87CEFD00EF56A3 /* APIError.swift */; };
		ADE4459F2B8814CC00EF56A3 /* UserListRequest.swift in Sources */ = {isa = PBXBuildFile; fileRef = ADE4459E2B8814CC00EF56A3 /* UserListRequest.swift */; };
		ADE445A12B8817CE00EF56A3 /* Gender.swift in Sources */ = {isa = PBXBuildFile; fileRef = ADE445A02B8817CE00EF56A3 /* Gender.swift */; };
		ADE445A72B8A47E600EF56A3 /* PlaygroundsError.swift in Sources */ = {isa = PBXBuildFile; fileRef = ADE445A62B8A47E600EF56A3 /* PlaygroundsError.swift */; };
		ADE445A92B8A5B4800EF56A3 /* ViewExtension.swift in Sources */ = {isa = PBXBuildFile; fileRef = ADE445A82B8A5B4800EF56A3 /* ViewExtension.swift */; };
		ADE445AE2B8AE0BF00EF56A3 /* ModifierView.swift in Sources */ = {isa = PBXBuildFile; fileRef = ADE445AD2B8AE0BF00EF56A3 /* ModifierView.swift */; };
		ADE445B22B8B544C00EF56A3 /* UserView.swift in Sources */ = {isa = PBXBuildFile; fileRef = ADE445B12B8B544C00EF56A3 /* UserView.swift */; };
		ADE445B42B8B554A00EF56A3 /* ServerData.swift in Sources */ = {isa = PBXBuildFile; fileRef = ADE445B32B8B554A00EF56A3 /* ServerData.swift */; };
		ADE445B62B8B586D00EF56A3 /* UserLikeRequest.swift in Sources */ = {isa = PBXBuildFile; fileRef = ADE445B52B8B586D00EF56A3 /* UserLikeRequest.swift */; };
		ADE445B82B8BF98F00EF56A3 /* CurrentUserRequest.swift in Sources */ = {isa = PBXBuildFile; fileRef = ADE445B72B8BF98F00EF56A3 /* CurrentUserRequest.swift */; };
		ADE445BA2B8BF9D900EF56A3 /* EmptyResponse.swift in Sources */ = {isa = PBXBuildFile; fileRef = ADE445B92B8BF9D900EF56A3 /* EmptyResponse.swift */; };
		ADE445BC2B8C21EB00EF56A3 /* TextExtension.swift in Sources */ = {isa = PBXBuildFile; fileRef = ADE445BB2B8C21EB00EF56A3 /* TextExtension.swift */; };
		ADE445BE2B8C229200EF56A3 /* StringExtension.swift in Sources */ = {isa = PBXBuildFile; fileRef = ADE445BD2B8C229200EF56A3 /* StringExtension.swift */; };
		ADE445C02B8C290600EF56A3 /* UserDislikeRequest.swift in Sources */ = {isa = PBXBuildFile; fileRef = ADE445BF2B8C290600EF56A3 /* UserDislikeRequest.swift */; };
		ADE445C62B8C2FC600EF56A3 /* ObservationUserListView.swift in Sources */ = {isa = PBXBuildFile; fileRef = ADE445C52B8C2FC500EF56A3 /* ObservationUserListView.swift */; };
		ADE445C82B8C2FD400EF56A3 /* ObservationUserView.swift in Sources */ = {isa = PBXBuildFile; fileRef = ADE445C72B8C2FD400EF56A3 /* ObservationUserView.swift */; };
		ADE445CA2B8C307100EF56A3 /* ObservationUserStore.swift in Sources */ = {isa = PBXBuildFile; fileRef = ADE445C92B8C307100EF56A3 /* ObservationUserStore.swift */; };
		ADE445CC2B8C3F3E00EF56A3 /* ObservableObjectUserView.swift in Sources */ = {isa = PBXBuildFile; fileRef = ADE445CB2B8C3F3E00EF56A3 /* ObservableObjectUserView.swift */; };
		ADE445CE2B8C3F4A00EF56A3 /* PublishedUserView.swift in Sources */ = {isa = PBXBuildFile; fileRef = ADE445CD2B8C3F4A00EF56A3 /* PublishedUserView.swift */; };
		ADE445D02B8C3F6C00EF56A3 /* ObservableObjectUserListView.swift in Sources */ = {isa = PBXBuildFile; fileRef = ADE445CF2B8C3F6C00EF56A3 /* ObservableObjectUserListView.swift */; };
		ADE445D22B8C3F7600EF56A3 /* PublishedUserListView.swift in Sources */ = {isa = PBXBuildFile; fileRef = ADE445D12B8C3F7600EF56A3 /* PublishedUserListView.swift */; };
		ADE445D62B8C45B100EF56A3 /* ObservableObjectUserStore.swift in Sources */ = {isa = PBXBuildFile; fileRef = ADE445D52B8C45B100EF56A3 /* ObservableObjectUserStore.swift */; };
		ADE445DA2B8C52F500EF56A3 /* PublishedUserStore.swift in Sources */ = {isa = PBXBuildFile; fileRef = ADE445D92B8C52F500EF56A3 /* PublishedUserStore.swift */; };
/* End PBXBuildFile section */

/* Begin PBXContainerItemProxy section */
		ADE4456E2B87AF9000EF56A3 /* PBXContainerItemProxy */ = {
			isa = PBXContainerItemProxy;
			containerPortal = ADE445512B87AF8E00EF56A3 /* Project object */;
			proxyType = 1;
			remoteGlobalIDString = ADE445582B87AF8E00EF56A3;
			remoteInfo = SwiftPlaygrounds;
		};
		ADE445782B87AF9000EF56A3 /* PBXContainerItemProxy */ = {
			isa = PBXContainerItemProxy;
			containerPortal = ADE445512B87AF8E00EF56A3 /* Project object */;
			proxyType = 1;
			remoteGlobalIDString = ADE445582B87AF8E00EF56A3;
			remoteInfo = SwiftPlaygrounds;
		};
/* End PBXContainerItemProxy section */

/* Begin PBXFileReference section */
		ADE445592B87AF8E00EF56A3 /* SwiftPlaygrounds.app */ = {isa = PBXFileReference; explicitFileType = wrapper.application; includeInIndex = 0; path = SwiftPlaygrounds.app; sourceTree = BUILT_PRODUCTS_DIR; };
		ADE4455C2B87AF8E00EF56A3 /* SwiftPlaygroundsApp.swift */ = {isa = PBXFileReference; lastKnownFileType = sourcecode.swift; path = SwiftPlaygroundsApp.swift; sourceTree = "<group>"; };
		ADE4455E2B87AF8E00EF56A3 /* SampleContentView.swift */ = {isa = PBXFileReference; lastKnownFileType = sourcecode.swift; path = SampleContentView.swift; sourceTree = "<group>"; };
		ADE445602B87AF8E00EF56A3 /* SampleItem.swift */ = {isa = PBXFileReference; lastKnownFileType = sourcecode.swift; path = SampleItem.swift; sourceTree = "<group>"; };
		ADE445622B87AF9000EF56A3 /* Assets.xcassets */ = {isa = PBXFileReference; lastKnownFileType = folder.assetcatalog; path = Assets.xcassets; sourceTree = "<group>"; };
		ADE445652B87AF9000EF56A3 /* Preview Assets.xcassets */ = {isa = PBXFileReference; lastKnownFileType = folder.assetcatalog; path = "Preview Assets.xcassets"; sourceTree = "<group>"; };
		ADE445672B87AF9000EF56A3 /* SwiftPlaygrounds.entitlements */ = {isa = PBXFileReference; lastKnownFileType = text.plist.entitlements; path = SwiftPlaygrounds.entitlements; sourceTree = "<group>"; };
		ADE445682B87AF9000EF56A3 /* Info.plist */ = {isa = PBXFileReference; lastKnownFileType = text.plist.xml; path = Info.plist; sourceTree = "<group>"; };
		ADE4456D2B87AF9000EF56A3 /* SwiftPlaygroundsTests.xctest */ = {isa = PBXFileReference; explicitFileType = wrapper.cfbundle; includeInIndex = 0; path = SwiftPlaygroundsTests.xctest; sourceTree = BUILT_PRODUCTS_DIR; };
		ADE445712B87AF9000EF56A3 /* SwiftPlaygroundsTests.swift */ = {isa = PBXFileReference; lastKnownFileType = sourcecode.swift; path = SwiftPlaygroundsTests.swift; sourceTree = "<group>"; };
		ADE445772B87AF9000EF56A3 /* SwiftPlaygroundsUITests.xctest */ = {isa = PBXFileReference; explicitFileType = wrapper.cfbundle; includeInIndex = 0; path = SwiftPlaygroundsUITests.xctest; sourceTree = BUILT_PRODUCTS_DIR; };
		ADE4457B2B87AF9000EF56A3 /* SwiftPlaygroundsUITests.swift */ = {isa = PBXFileReference; lastKnownFileType = sourcecode.swift; path = SwiftPlaygroundsUITests.swift; sourceTree = "<group>"; };
		ADE4457D2B87AF9000EF56A3 /* SwiftPlaygroundsUITestsLaunchTests.swift */ = {isa = PBXFileReference; lastKnownFileType = sourcecode.swift; path = SwiftPlaygroundsUITestsLaunchTests.swift; sourceTree = "<group>"; };
		ADE4458B2B87B14C00EF56A3 /* ContentView.swift */ = {isa = PBXFileReference; lastKnownFileType = sourcecode.swift; path = ContentView.swift; sourceTree = "<group>"; };
		ADE4458E2B87BFFE00EF56A3 /* UserListView.swift */ = {isa = PBXFileReference; lastKnownFileType = sourcecode.swift; path = UserListView.swift; sourceTree = "<group>"; };
		ADE445902B87C0F500EF56A3 /* APIClient.swift */ = {isa = PBXFileReference; lastKnownFileType = sourcecode.swift; path = APIClient.swift; sourceTree = "<group>"; };
		ADE445922B87C94E00EF56A3 /* UserRequest.swift */ = {isa = PBXFileReference; lastKnownFileType = sourcecode.swift; path = UserRequest.swift; sourceTree = "<group>"; };
		ADE445962B87CEBD00EF56A3 /* APIRequest.swift */ = {isa = PBXFileReference; lastKnownFileType = sourcecode.swift; path = APIRequest.swift; sourceTree = "<group>"; };
		ADE445982B87CEDE00EF56A3 /* User.swift */ = {isa = PBXFileReference; lastKnownFileType = sourcecode.swift; path = User.swift; sourceTree = "<group>"; };
		ADE4459A2B87CEFD00EF56A3 /* APIError.swift */ = {isa = PBXFileReference; lastKnownFileType = sourcecode.swift; path = APIError.swift; sourceTree = "<group>"; };
		ADE4459E2B8814CC00EF56A3 /* UserListRequest.swift */ = {isa = PBXFileReference; lastKnownFileType = sourcecode.swift; path = UserListRequest.swift; sourceTree = "<group>"; };
		ADE445A02B8817CE00EF56A3 /* Gender.swift */ = {isa = PBXFileReference; lastKnownFileType = sourcecode.swift; path = Gender.swift; sourceTree = "<group>"; };
		ADE445A62B8A47E600EF56A3 /* PlaygroundsError.swift */ = {isa = PBXFileReference; lastKnownFileType = sourcecode.swift; path = PlaygroundsError.swift; sourceTree = "<group>"; };
		ADE445A82B8A5B4800EF56A3 /* ViewExtension.swift */ = {isa = PBXFileReference; lastKnownFileType = sourcecode.swift; path = ViewExtension.swift; sourceTree = "<group>"; };
		ADE445AD2B8AE0BF00EF56A3 /* ModifierView.swift */ = {isa = PBXFileReference; lastKnownFileType = sourcecode.swift; path = ModifierView.swift; sourceTree = "<group>"; };
		ADE445B12B8B544C00EF56A3 /* UserView.swift */ = {isa = PBXFileReference; lastKnownFileType = sourcecode.swift; path = UserView.swift; sourceTree = "<group>"; };
		ADE445B32B8B554A00EF56A3 /* ServerData.swift */ = {isa = PBXFileReference; lastKnownFileType = sourcecode.swift; path = ServerData.swift; sourceTree = "<group>"; };
		ADE445B52B8B586D00EF56A3 /* UserLikeRequest.swift */ = {isa = PBXFileReference; lastKnownFileType = sourcecode.swift; path = UserLikeRequest.swift; sourceTree = "<group>"; };
		ADE445B72B8BF98F00EF56A3 /* CurrentUserRequest.swift */ = {isa = PBXFileReference; lastKnownFileType = sourcecode.swift; path = CurrentUserRequest.swift; sourceTree = "<group>"; };
		ADE445B92B8BF9D900EF56A3 /* EmptyResponse.swift */ = {isa = PBXFileReference; lastKnownFileType = sourcecode.swift; path = EmptyResponse.swift; sourceTree = "<group>"; };
		ADE445BB2B8C21EB00EF56A3 /* TextExtension.swift */ = {isa = PBXFileReference; lastKnownFileType = sourcecode.swift; path = TextExtension.swift; sourceTree = "<group>"; };
		ADE445BD2B8C229200EF56A3 /* StringExtension.swift */ = {isa = PBXFileReference; lastKnownFileType = sourcecode.swift; path = StringExtension.swift; sourceTree = "<group>"; };
		ADE445BF2B8C290600EF56A3 /* UserDislikeRequest.swift */ = {isa = PBXFileReference; lastKnownFileType = sourcecode.swift; path = UserDislikeRequest.swift; sourceTree = "<group>"; };
		ADE445C52B8C2FC500EF56A3 /* ObservationUserListView.swift */ = {isa = PBXFileReference; lastKnownFileType = sourcecode.swift; path = ObservationUserListView.swift; sourceTree = "<group>"; };
		ADE445C72B8C2FD400EF56A3 /* ObservationUserView.swift */ = {isa = PBXFileReference; lastKnownFileType = sourcecode.swift; path = ObservationUserView.swift; sourceTree = "<group>"; };
		ADE445C92B8C307100EF56A3 /* ObservationUserStore.swift */ = {isa = PBXFileReference; lastKnownFileType = sourcecode.swift; path = ObservationUserStore.swift; sourceTree = "<group>"; };
		ADE445CB2B8C3F3E00EF56A3 /* ObservableObjectUserView.swift */ = {isa = PBXFileReference; lastKnownFileType = sourcecode.swift; path = ObservableObjectUserView.swift; sourceTree = "<group>"; };
		ADE445CD2B8C3F4A00EF56A3 /* PublishedUserView.swift */ = {isa = PBXFileReference; lastKnownFileType = sourcecode.swift; path = PublishedUserView.swift; sourceTree = "<group>"; };
		ADE445CF2B8C3F6C00EF56A3 /* ObservableObjectUserListView.swift */ = {isa = PBXFileReference; lastKnownFileType = sourcecode.swift; path = ObservableObjectUserListView.swift; sourceTree = "<group>"; };
		ADE445D12B8C3F7600EF56A3 /* PublishedUserListView.swift */ = {isa = PBXFileReference; lastKnownFileType = sourcecode.swift; path = PublishedUserListView.swift; sourceTree = "<group>"; };
		ADE445D52B8C45B100EF56A3 /* ObservableObjectUserStore.swift */ = {isa = PBXFileReference; lastKnownFileType = sourcecode.swift; path = ObservableObjectUserStore.swift; sourceTree = "<group>"; };
		ADE445D92B8C52F500EF56A3 /* PublishedUserStore.swift */ = {isa = PBXFileReference; lastKnownFileType = sourcecode.swift; path = PublishedUserStore.swift; sourceTree = "<group>"; };
/* End PBXFileReference section */

/* Begin PBXFrameworksBuildPhase section */
		ADE445562B87AF8E00EF56A3 /* Frameworks */ = {
			isa = PBXFrameworksBuildPhase;
			buildActionMask = 2147483647;
			files = (
			);
			runOnlyForDeploymentPostprocessing = 0;
		};
		ADE4456A2B87AF9000EF56A3 /* Frameworks */ = {
			isa = PBXFrameworksBuildPhase;
			buildActionMask = 2147483647;
			files = (
			);
			runOnlyForDeploymentPostprocessing = 0;
		};
		ADE445742B87AF9000EF56A3 /* Frameworks */ = {
			isa = PBXFrameworksBuildPhase;
			buildActionMask = 2147483647;
			files = (
			);
			runOnlyForDeploymentPostprocessing = 0;
		};
/* End PBXFrameworksBuildPhase section */

/* Begin PBXGroup section */
		ADE445502B87AF8E00EF56A3 = {
			isa = PBXGroup;
			children = (
				ADE4455B2B87AF8E00EF56A3 /* SwiftPlaygrounds */,
				ADE445702B87AF9000EF56A3 /* SwiftPlaygroundsTests */,
				ADE4457A2B87AF9000EF56A3 /* SwiftPlaygroundsUITests */,
				ADE4455A2B87AF8E00EF56A3 /* Products */,
			);
			sourceTree = "<group>";
		};
		ADE4455A2B87AF8E00EF56A3 /* Products */ = {
			isa = PBXGroup;
			children = (
				ADE445592B87AF8E00EF56A3 /* SwiftPlaygrounds.app */,
				ADE4456D2B87AF9000EF56A3 /* SwiftPlaygroundsTests.xctest */,
				ADE445772B87AF9000EF56A3 /* SwiftPlaygroundsUITests.xctest */,
			);
			name = Products;
			sourceTree = "<group>";
		};
		ADE4455B2B87AF8E00EF56A3 /* SwiftPlaygrounds */ = {
			isa = PBXGroup;
			children = (
				ADE4455C2B87AF8E00EF56A3 /* SwiftPlaygroundsApp.swift */,
				ADE4458B2B87B14C00EF56A3 /* ContentView.swift */,
				ADE445A52B8A47C900EF56A3 /* Common */,
				ADE4458A2B87B0E900EF56A3 /* Sample */,
				ADE445AA2B8AE08800EF56A3 /* Modifier */,
				ADE4458D2B87BFE900EF56A3 /* User */,
				ADE445C42B8C2E6900EF56A3 /* Observation */,
				ADE445622B87AF9000EF56A3 /* Assets.xcassets */,
				ADE445672B87AF9000EF56A3 /* SwiftPlaygrounds.entitlements */,
				ADE445682B87AF9000EF56A3 /* Info.plist */,
				ADE445642B87AF9000EF56A3 /* Preview Content */,
			);
			path = SwiftPlaygrounds;
			sourceTree = "<group>";
		};
		ADE445642B87AF9000EF56A3 /* Preview Content */ = {
			isa = PBXGroup;
			children = (
				ADE445652B87AF9000EF56A3 /* Preview Assets.xcassets */,
			);
			path = "Preview Content";
			sourceTree = "<group>";
		};
		ADE445702B87AF9000EF56A3 /* SwiftPlaygroundsTests */ = {
			isa = PBXGroup;
			children = (
				ADE445712B87AF9000EF56A3 /* SwiftPlaygroundsTests.swift */,
			);
			path = SwiftPlaygroundsTests;
			sourceTree = "<group>";
		};
		ADE4457A2B87AF9000EF56A3 /* SwiftPlaygroundsUITests */ = {
			isa = PBXGroup;
			children = (
				ADE4457B2B87AF9000EF56A3 /* SwiftPlaygroundsUITests.swift */,
				ADE4457D2B87AF9000EF56A3 /* SwiftPlaygroundsUITestsLaunchTests.swift */,
			);
			path = SwiftPlaygroundsUITests;
			sourceTree = "<group>";
		};
		ADE4458A2B87B0E900EF56A3 /* Sample */ = {
			isa = PBXGroup;
			children = (
				ADE4455E2B87AF8E00EF56A3 /* SampleContentView.swift */,
				ADE445602B87AF8E00EF56A3 /* SampleItem.swift */,
			);
			path = Sample;
			sourceTree = "<group>";
		};
		ADE4458D2B87BFE900EF56A3 /* User */ = {
			isa = PBXGroup;
			children = (
				ADE4458E2B87BFFE00EF56A3 /* UserListView.swift */,
				ADE445B12B8B544C00EF56A3 /* UserView.swift */,
				ADE445982B87CEDE00EF56A3 /* User.swift */,
				ADE445A02B8817CE00EF56A3 /* Gender.swift */,
			);
			path = User;
			sourceTree = "<group>";
		};
		ADE4459D2B8814B000EF56A3 /* Request */ = {
			isa = PBXGroup;
			children = (
				ADE445B72B8BF98F00EF56A3 /* CurrentUserRequest.swift */,
				ADE445922B87C94E00EF56A3 /* UserRequest.swift */,
				ADE4459E2B8814CC00EF56A3 /* UserListRequest.swift */,
				ADE445B52B8B586D00EF56A3 /* UserLikeRequest.swift */,
				ADE445BF2B8C290600EF56A3 /* UserDislikeRequest.swift */,
			);
			path = Request;
			sourceTree = "<group>";
		};
		ADE445A52B8A47C900EF56A3 /* Common */ = {
			isa = PBXGroup;
			children = (
				ADE445A62B8A47E600EF56A3 /* PlaygroundsError.swift */,
				ADE445C22B8C2D9000EF56A3 /* API */,
				ADE445C12B8C2D7D00EF56A3 /* Extension */,
			);
			path = Common;
			sourceTree = "<group>";
		};
		ADE445AA2B8AE08800EF56A3 /* Modifier */ = {
			isa = PBXGroup;
			children = (
				ADE445AD2B8AE0BF00EF56A3 /* ModifierView.swift */,
			);
			path = Modifier;
			sourceTree = "<group>";
		};
		ADE445C12B8C2D7D00EF56A3 /* Extension */ = {
			isa = PBXGroup;
			children = (
				ADE445BD2B8C229200EF56A3 /* StringExtension.swift */,
				ADE445A82B8A5B4800EF56A3 /* ViewExtension.swift */,
				ADE445BB2B8C21EB00EF56A3 /* TextExtension.swift */,
			);
			path = Extension;
			sourceTree = "<group>";
		};
		ADE445C22B8C2D9000EF56A3 /* API */ = {
			isa = PBXGroup;
			children = (
				ADE445902B87C0F500EF56A3 /* APIClient.swift */,
				ADE445B32B8B554A00EF56A3 /* ServerData.swift */,
				ADE4459A2B87CEFD00EF56A3 /* APIError.swift */,
				ADE445962B87CEBD00EF56A3 /* APIRequest.swift */,
				ADE445B92B8BF9D900EF56A3 /* EmptyResponse.swift */,
				ADE4459D2B8814B000EF56A3 /* Request */,
			);
			path = API;
			sourceTree = "<group>";
		};
		ADE445C42B8C2E6900EF56A3 /* Observation */ = {
			isa = PBXGroup;
			children = (
				ADE445C52B8C2FC500EF56A3 /* ObservationUserListView.swift */,
				ADE445C72B8C2FD400EF56A3 /* ObservationUserView.swift */,
				ADE445C92B8C307100EF56A3 /* ObservationUserStore.swift */,
				ADE445D72B8C517200EF56A3 /* ObservableObject */,
				ADE445D82B8C517C00EF56A3 /* Published */,
			);
			path = Observation;
			sourceTree = "<group>";
		};
		ADE445D72B8C517200EF56A3 /* ObservableObject */ = {
			isa = PBXGroup;
			children = (
				ADE445CF2B8C3F6C00EF56A3 /* ObservableObjectUserListView.swift */,
				ADE445CB2B8C3F3E00EF56A3 /* ObservableObjectUserView.swift */,
				ADE445D52B8C45B100EF56A3 /* ObservableObjectUserStore.swift */,
			);
			path = ObservableObject;
			sourceTree = "<group>";
		};
		ADE445D82B8C517C00EF56A3 /* Published */ = {
			isa = PBXGroup;
			children = (
				ADE445D12B8C3F7600EF56A3 /* PublishedUserListView.swift */,
				ADE445CD2B8C3F4A00EF56A3 /* PublishedUserView.swift */,
				ADE445D92B8C52F500EF56A3 /* PublishedUserStore.swift */,
			);
			path = Published;
			sourceTree = "<group>";
		};
/* End PBXGroup section */

/* Begin PBXNativeTarget section */
		ADE445582B87AF8E00EF56A3 /* SwiftPlaygrounds */ = {
			isa = PBXNativeTarget;
			buildConfigurationList = ADE445812B87AF9000EF56A3 /* Build configuration list for PBXNativeTarget "SwiftPlaygrounds" */;
			buildPhases = (
				ADE445552B87AF8E00EF56A3 /* Sources */,
				ADE445562B87AF8E00EF56A3 /* Frameworks */,
				ADE445572B87AF8E00EF56A3 /* Resources */,
			);
			buildRules = (
			);
			dependencies = (
			);
			name = SwiftPlaygrounds;
			productName = SwiftPlaygrounds;
			productReference = ADE445592B87AF8E00EF56A3 /* SwiftPlaygrounds.app */;
			productType = "com.apple.product-type.application";
		};
		ADE4456C2B87AF9000EF56A3 /* SwiftPlaygroundsTests */ = {
			isa = PBXNativeTarget;
			buildConfigurationList = ADE445842B87AF9000EF56A3 /* Build configuration list for PBXNativeTarget "SwiftPlaygroundsTests" */;
			buildPhases = (
				ADE445692B87AF9000EF56A3 /* Sources */,
				ADE4456A2B87AF9000EF56A3 /* Frameworks */,
				ADE4456B2B87AF9000EF56A3 /* Resources */,
			);
			buildRules = (
			);
			dependencies = (
				ADE4456F2B87AF9000EF56A3 /* PBXTargetDependency */,
			);
			name = SwiftPlaygroundsTests;
			productName = SwiftPlaygroundsTests;
			productReference = ADE4456D2B87AF9000EF56A3 /* SwiftPlaygroundsTests.xctest */;
			productType = "com.apple.product-type.bundle.unit-test";
		};
		ADE445762B87AF9000EF56A3 /* SwiftPlaygroundsUITests */ = {
			isa = PBXNativeTarget;
			buildConfigurationList = ADE445872B87AF9000EF56A3 /* Build configuration list for PBXNativeTarget "SwiftPlaygroundsUITests" */;
			buildPhases = (
				ADE445732B87AF9000EF56A3 /* Sources */,
				ADE445742B87AF9000EF56A3 /* Frameworks */,
				ADE445752B87AF9000EF56A3 /* Resources */,
			);
			buildRules = (
			);
			dependencies = (
				ADE445792B87AF9000EF56A3 /* PBXTargetDependency */,
			);
			name = SwiftPlaygroundsUITests;
			productName = SwiftPlaygroundsUITests;
			productReference = ADE445772B87AF9000EF56A3 /* SwiftPlaygroundsUITests.xctest */;
			productType = "com.apple.product-type.bundle.ui-testing";
		};
/* End PBXNativeTarget section */

/* Begin PBXProject section */
		ADE445512B87AF8E00EF56A3 /* Project object */ = {
			isa = PBXProject;
			attributes = {
				BuildIndependentTargetsInParallel = 1;
				LastSwiftUpdateCheck = 1520;
				LastUpgradeCheck = 1520;
				TargetAttributes = {
					ADE445582B87AF8E00EF56A3 = {
						CreatedOnToolsVersion = 15.2;
					};
					ADE4456C2B87AF9000EF56A3 = {
						CreatedOnToolsVersion = 15.2;
						TestTargetID = ADE445582B87AF8E00EF56A3;
					};
					ADE445762B87AF9000EF56A3 = {
						CreatedOnToolsVersion = 15.2;
						TestTargetID = ADE445582B87AF8E00EF56A3;
					};
				};
			};
			buildConfigurationList = ADE445542B87AF8E00EF56A3 /* Build configuration list for PBXProject "SwiftPlaygrounds" */;
			compatibilityVersion = "Xcode 14.0";
			developmentRegion = en;
			hasScannedForEncodings = 0;
			knownRegions = (
				en,
				Base,
			);
			mainGroup = ADE445502B87AF8E00EF56A3;
			productRefGroup = ADE4455A2B87AF8E00EF56A3 /* Products */;
			projectDirPath = "";
			projectRoot = "";
			targets = (
				ADE445582B87AF8E00EF56A3 /* SwiftPlaygrounds */,
				ADE4456C2B87AF9000EF56A3 /* SwiftPlaygroundsTests */,
				ADE445762B87AF9000EF56A3 /* SwiftPlaygroundsUITests */,
			);
		};
/* End PBXProject section */

/* Begin PBXResourcesBuildPhase section */
		ADE445572B87AF8E00EF56A3 /* Resources */ = {
			isa = PBXResourcesBuildPhase;
			buildActionMask = 2147483647;
			files = (
				ADE445662B87AF9000EF56A3 /* Preview Assets.xcassets in Resources */,
				ADE445632B87AF9000EF56A3 /* Assets.xcassets in Resources */,
			);
			runOnlyForDeploymentPostprocessing = 0;
		};
		ADE4456B2B87AF9000EF56A3 /* Resources */ = {
			isa = PBXResourcesBuildPhase;
			buildActionMask = 2147483647;
			files = (
			);
			runOnlyForDeploymentPostprocessing = 0;
		};
		ADE445752B87AF9000EF56A3 /* Resources */ = {
			isa = PBXResourcesBuildPhase;
			buildActionMask = 2147483647;
			files = (
			);
			runOnlyForDeploymentPostprocessing = 0;
		};
/* End PBXResourcesBuildPhase section */

/* Begin PBXSourcesBuildPhase section */
		ADE445552B87AF8E00EF56A3 /* Sources */ = {
			isa = PBXSourcesBuildPhase;
			buildActionMask = 2147483647;
			files = (
				ADE445A12B8817CE00EF56A3 /* Gender.swift in Sources */,
				ADE4455F2B87AF8E00EF56A3 /* SampleContentView.swift in Sources */,
				ADE445D62B8C45B100EF56A3 /* ObservableObjectUserStore.swift in Sources */,
				ADE445D22B8C3F7600EF56A3 /* PublishedUserListView.swift in Sources */,
				ADE445612B87AF8E00EF56A3 /* SampleItem.swift in Sources */,
				ADE445B22B8B544C00EF56A3 /* UserView.swift in Sources */,
				ADE445C82B8C2FD400EF56A3 /* ObservationUserView.swift in Sources */,
				ADE4458F2B87BFFE00EF56A3 /* UserListView.swift in Sources */,
				ADE4459B2B87CEFD00EF56A3 /* APIError.swift in Sources */,
				ADE4458C2B87B14C00EF56A3 /* ContentView.swift in Sources */,
				ADE445CE2B8C3F4A00EF56A3 /* PublishedUserView.swift in Sources */,
				ADE445AE2B8AE0BF00EF56A3 /* ModifierView.swift in Sources */,
				ADE445BA2B8BF9D900EF56A3 /* EmptyResponse.swift in Sources */,
				ADE4459F2B8814CC00EF56A3 /* UserListRequest.swift in Sources */,
				ADE445BC2B8C21EB00EF56A3 /* TextExtension.swift in Sources */,
				ADE4455D2B87AF8E00EF56A3 /* SwiftPlaygroundsApp.swift in Sources */,
				ADE445992B87CEDE00EF56A3 /* User.swift in Sources */,
				ADE445A72B8A47E600EF56A3 /* PlaygroundsError.swift in Sources */,
				ADE445B42B8B554A00EF56A3 /* ServerData.swift in Sources */,
				ADE445A92B8A5B4800EF56A3 /* ViewExtension.swift in Sources */,
				ADE445CA2B8C307100EF56A3 /* ObservationUserStore.swift in Sources */,
				ADE445D02B8C3F6C00EF56A3 /* ObservableObjectUserListView.swift in Sources */,
				ADE445CC2B8C3F3E00EF56A3 /* ObservableObjectUserView.swift in Sources */,
				ADE445912B87C0F500EF56A3 /* APIClient.swift in Sources */,
				ADE445B62B8B586D00EF56A3 /* UserLikeRequest.swift in Sources */,
				ADE445C62B8C2FC600EF56A3 /* ObservationUserListView.swift in Sources */,
				ADE445C02B8C290600EF56A3 /* UserDislikeRequest.swift in Sources */,
				ADE445972B87CEBD00EF56A3 /* APIRequest.swift in Sources */,
				ADE445932B87C94E00EF56A3 /* UserRequest.swift in Sources */,
				ADE445BE2B8C229200EF56A3 /* StringExtension.swift in Sources */,
				ADE445B82B8BF98F00EF56A3 /* CurrentUserRequest.swift in Sources */,
				ADE445DA2B8C52F500EF56A3 /* PublishedUserStore.swift in Sources */,
			);
			runOnlyForDeploymentPostprocessing = 0;
		};
		ADE445692B87AF9000EF56A3 /* Sources */ = {
			isa = PBXSourcesBuildPhase;
			buildActionMask = 2147483647;
			files = (
				ADE445722B87AF9000EF56A3 /* SwiftPlaygroundsTests.swift in Sources */,
			);
			runOnlyForDeploymentPostprocessing = 0;
		};
		ADE445732B87AF9000EF56A3 /* Sources */ = {
			isa = PBXSourcesBuildPhase;
			buildActionMask = 2147483647;
			files = (
				ADE4457C2B87AF9000EF56A3 /* SwiftPlaygroundsUITests.swift in Sources */,
				ADE4457E2B87AF9000EF56A3 /* SwiftPlaygroundsUITestsLaunchTests.swift in Sources */,
			);
			runOnlyForDeploymentPostprocessing = 0;
		};
/* End PBXSourcesBuildPhase section */

/* Begin PBXTargetDependency section */
		ADE4456F2B87AF9000EF56A3 /* PBXTargetDependency */ = {
			isa = PBXTargetDependency;
			target = ADE445582B87AF8E00EF56A3 /* SwiftPlaygrounds */;
			targetProxy = ADE4456E2B87AF9000EF56A3 /* PBXContainerItemProxy */;
		};
		ADE445792B87AF9000EF56A3 /* PBXTargetDependency */ = {
			isa = PBXTargetDependency;
			target = ADE445582B87AF8E00EF56A3 /* SwiftPlaygrounds */;
			targetProxy = ADE445782B87AF9000EF56A3 /* PBXContainerItemProxy */;
		};
/* End PBXTargetDependency section */

/* Begin XCBuildConfiguration section */
		ADE4457F2B87AF9000EF56A3 /* Debug */ = {
			isa = XCBuildConfiguration;
			buildSettings = {
				ALWAYS_SEARCH_USER_PATHS = NO;
				ASSETCATALOG_COMPILER_GENERATE_SWIFT_ASSET_SYMBOL_EXTENSIONS = YES;
				CLANG_ANALYZER_NONNULL = YES;
				CLANG_ANALYZER_NUMBER_OBJECT_CONVERSION = YES_AGGRESSIVE;
				CLANG_CXX_LANGUAGE_STANDARD = "gnu++20";
				CLANG_ENABLE_MODULES = YES;
				CLANG_ENABLE_OBJC_ARC = YES;
				CLANG_ENABLE_OBJC_WEAK = YES;
				CLANG_WARN_BLOCK_CAPTURE_AUTORELEASING = YES;
				CLANG_WARN_BOOL_CONVERSION = YES;
				CLANG_WARN_COMMA = YES;
				CLANG_WARN_CONSTANT_CONVERSION = YES;
				CLANG_WARN_DEPRECATED_OBJC_IMPLEMENTATIONS = YES;
				CLANG_WARN_DIRECT_OBJC_ISA_USAGE = YES_ERROR;
				CLANG_WARN_DOCUMENTATION_COMMENTS = YES;
				CLANG_WARN_EMPTY_BODY = YES;
				CLANG_WARN_ENUM_CONVERSION = YES;
				CLANG_WARN_INFINITE_RECURSION = YES;
				CLANG_WARN_INT_CONVERSION = YES;
				CLANG_WARN_NON_LITERAL_NULL_CONVERSION = YES;
				CLANG_WARN_OBJC_IMPLICIT_RETAIN_SELF = YES;
				CLANG_WARN_OBJC_LITERAL_CONVERSION = YES;
				CLANG_WARN_OBJC_ROOT_CLASS = YES_ERROR;
				CLANG_WARN_QUOTED_INCLUDE_IN_FRAMEWORK_HEADER = YES;
				CLANG_WARN_RANGE_LOOP_ANALYSIS = YES;
				CLANG_WARN_STRICT_PROTOTYPES = YES;
				CLANG_WARN_SUSPICIOUS_MOVE = YES;
				CLANG_WARN_UNGUARDED_AVAILABILITY = YES_AGGRESSIVE;
				CLANG_WARN_UNREACHABLE_CODE = YES;
				CLANG_WARN__DUPLICATE_METHOD_MATCH = YES;
				COPY_PHASE_STRIP = NO;
				DEBUG_INFORMATION_FORMAT = dwarf;
				ENABLE_STRICT_OBJC_MSGSEND = YES;
				ENABLE_TESTABILITY = YES;
				ENABLE_USER_SCRIPT_SANDBOXING = YES;
				GCC_C_LANGUAGE_STANDARD = gnu17;
				GCC_DYNAMIC_NO_PIC = NO;
				GCC_NO_COMMON_BLOCKS = YES;
				GCC_OPTIMIZATION_LEVEL = 0;
				GCC_PREPROCESSOR_DEFINITIONS = (
					"DEBUG=1",
					"$(inherited)",
				);
				GCC_WARN_64_TO_32_BIT_CONVERSION = YES;
				GCC_WARN_ABOUT_RETURN_TYPE = YES_ERROR;
				GCC_WARN_UNDECLARED_SELECTOR = YES;
				GCC_WARN_UNINITIALIZED_AUTOS = YES_AGGRESSIVE;
				GCC_WARN_UNUSED_FUNCTION = YES;
				GCC_WARN_UNUSED_VARIABLE = YES;
				IPHONEOS_DEPLOYMENT_TARGET = 17.2;
				LOCALIZATION_PREFERS_STRING_CATALOGS = YES;
				MTL_ENABLE_DEBUG_INFO = INCLUDE_SOURCE;
				MTL_FAST_MATH = YES;
				ONLY_ACTIVE_ARCH = YES;
				SDKROOT = iphoneos;
				SWIFT_ACTIVE_COMPILATION_CONDITIONS = "DEBUG $(inherited)";
				SWIFT_OPTIMIZATION_LEVEL = "-Onone";
			};
			name = Debug;
		};
		ADE445802B87AF9000EF56A3 /* Release */ = {
			isa = XCBuildConfiguration;
			buildSettings = {
				ALWAYS_SEARCH_USER_PATHS = NO;
				ASSETCATALOG_COMPILER_GENERATE_SWIFT_ASSET_SYMBOL_EXTENSIONS = YES;
				CLANG_ANALYZER_NONNULL = YES;
				CLANG_ANALYZER_NUMBER_OBJECT_CONVERSION = YES_AGGRESSIVE;
				CLANG_CXX_LANGUAGE_STANDARD = "gnu++20";
				CLANG_ENABLE_MODULES = YES;
				CLANG_ENABLE_OBJC_ARC = YES;
				CLANG_ENABLE_OBJC_WEAK = YES;
				CLANG_WARN_BLOCK_CAPTURE_AUTORELEASING = YES;
				CLANG_WARN_BOOL_CONVERSION = YES;
				CLANG_WARN_COMMA = YES;
				CLANG_WARN_CONSTANT_CONVERSION = YES;
				CLANG_WARN_DEPRECATED_OBJC_IMPLEMENTATIONS = YES;
				CLANG_WARN_DIRECT_OBJC_ISA_USAGE = YES_ERROR;
				CLANG_WARN_DOCUMENTATION_COMMENTS = YES;
				CLANG_WARN_EMPTY_BODY = YES;
				CLANG_WARN_ENUM_CONVERSION = YES;
				CLANG_WARN_INFINITE_RECURSION = YES;
				CLANG_WARN_INT_CONVERSION = YES;
				CLANG_WARN_NON_LITERAL_NULL_CONVERSION = YES;
				CLANG_WARN_OBJC_IMPLICIT_RETAIN_SELF = YES;
				CLANG_WARN_OBJC_LITERAL_CONVERSION = YES;
				CLANG_WARN_OBJC_ROOT_CLASS = YES_ERROR;
				CLANG_WARN_QUOTED_INCLUDE_IN_FRAMEWORK_HEADER = YES;
				CLANG_WARN_RANGE_LOOP_ANALYSIS = YES;
				CLANG_WARN_STRICT_PROTOTYPES = YES;
				CLANG_WARN_SUSPICIOUS_MOVE = YES;
				CLANG_WARN_UNGUARDED_AVAILABILITY = YES_AGGRESSIVE;
				CLANG_WARN_UNREACHABLE_CODE = YES;
				CLANG_WARN__DUPLICATE_METHOD_MATCH = YES;
				COPY_PHASE_STRIP = NO;
				DEBUG_INFORMATION_FORMAT = "dwarf-with-dsym";
				ENABLE_NS_ASSERTIONS = NO;
				ENABLE_STRICT_OBJC_MSGSEND = YES;
				ENABLE_USER_SCRIPT_SANDBOXING = YES;
				GCC_C_LANGUAGE_STANDARD = gnu17;
				GCC_NO_COMMON_BLOCKS = YES;
				GCC_WARN_64_TO_32_BIT_CONVERSION = YES;
				GCC_WARN_ABOUT_RETURN_TYPE = YES_ERROR;
				GCC_WARN_UNDECLARED_SELECTOR = YES;
				GCC_WARN_UNINITIALIZED_AUTOS = YES_AGGRESSIVE;
				GCC_WARN_UNUSED_FUNCTION = YES;
				GCC_WARN_UNUSED_VARIABLE = YES;
				IPHONEOS_DEPLOYMENT_TARGET = 17.2;
				LOCALIZATION_PREFERS_STRING_CATALOGS = YES;
				MTL_ENABLE_DEBUG_INFO = NO;
				MTL_FAST_MATH = YES;
				SDKROOT = iphoneos;
				SWIFT_COMPILATION_MODE = wholemodule;
				VALIDATE_PRODUCT = YES;
			};
			name = Release;
		};
		ADE445822B87AF9000EF56A3 /* Debug */ = {
			isa = XCBuildConfiguration;
			buildSettings = {
				ASSETCATALOG_COMPILER_APPICON_NAME = AppIcon;
				ASSETCATALOG_COMPILER_GLOBAL_ACCENT_COLOR_NAME = AccentColor;
				CODE_SIGN_ENTITLEMENTS = SwiftPlaygrounds/SwiftPlaygrounds.entitlements;
				CODE_SIGN_STYLE = Automatic;
				CURRENT_PROJECT_VERSION = 1;
				DEVELOPMENT_ASSET_PATHS = "\"SwiftPlaygrounds/Preview Content\"";
				DEVELOPMENT_TEAM = 66PKF55HK5;
				ENABLE_PREVIEWS = YES;
				GENERATE_INFOPLIST_FILE = YES;
				INFOPLIST_FILE = SwiftPlaygrounds/Info.plist;
				INFOPLIST_KEY_UIApplicationSceneManifest_Generation = YES;
				INFOPLIST_KEY_UIApplicationSupportsIndirectInputEvents = YES;
				INFOPLIST_KEY_UILaunchScreen_Generation = YES;
				INFOPLIST_KEY_UISupportedInterfaceOrientations_iPad = "UIInterfaceOrientationPortrait UIInterfaceOrientationPortraitUpsideDown UIInterfaceOrientationLandscapeLeft UIInterfaceOrientationLandscapeRight";
				INFOPLIST_KEY_UISupportedInterfaceOrientations_iPhone = "UIInterfaceOrientationPortrait UIInterfaceOrientationLandscapeLeft UIInterfaceOrientationLandscapeRight";
				LD_RUNPATH_SEARCH_PATHS = (
					"$(inherited)",
					"@executable_path/Frameworks",
				);
				MARKETING_VERSION = 1.0;
				PRODUCT_BUNDLE_IDENTIFIER = com.muhiro12.SwiftPlaygrounds;
				PRODUCT_NAME = "$(TARGET_NAME)";
				SWIFT_EMIT_LOC_STRINGS = YES;
				SWIFT_VERSION = 5.0;
				TARGETED_DEVICE_FAMILY = "1,2";
			};
			name = Debug;
		};
		ADE445832B87AF9000EF56A3 /* Release */ = {
			isa = XCBuildConfiguration;
			buildSettings = {
				ASSETCATALOG_COMPILER_APPICON_NAME = AppIcon;
				ASSETCATALOG_COMPILER_GLOBAL_ACCENT_COLOR_NAME = AccentColor;
				CODE_SIGN_ENTITLEMENTS = SwiftPlaygrounds/SwiftPlaygrounds.entitlements;
				CODE_SIGN_STYLE = Automatic;
				CURRENT_PROJECT_VERSION = 1;
				DEVELOPMENT_ASSET_PATHS = "\"SwiftPlaygrounds/Preview Content\"";
				DEVELOPMENT_TEAM = 66PKF55HK5;
				ENABLE_PREVIEWS = YES;
				GENERATE_INFOPLIST_FILE = YES;
				INFOPLIST_FILE = SwiftPlaygrounds/Info.plist;
				INFOPLIST_KEY_UIApplicationSceneManifest_Generation = YES;
				INFOPLIST_KEY_UIApplicationSupportsIndirectInputEvents = YES;
				INFOPLIST_KEY_UILaunchScreen_Generation = YES;
				INFOPLIST_KEY_UISupportedInterfaceOrientations_iPad = "UIInterfaceOrientationPortrait UIInterfaceOrientationPortraitUpsideDown UIInterfaceOrientationLandscapeLeft UIInterfaceOrientationLandscapeRight";
				INFOPLIST_KEY_UISupportedInterfaceOrientations_iPhone = "UIInterfaceOrientationPortrait UIInterfaceOrientationLandscapeLeft UIInterfaceOrientationLandscapeRight";
				LD_RUNPATH_SEARCH_PATHS = (
					"$(inherited)",
					"@executable_path/Frameworks",
				);
				MARKETING_VERSION = 1.0;
				PRODUCT_BUNDLE_IDENTIFIER = com.muhiro12.SwiftPlaygrounds;
				PRODUCT_NAME = "$(TARGET_NAME)";
				SWIFT_EMIT_LOC_STRINGS = YES;
				SWIFT_VERSION = 5.0;
				TARGETED_DEVICE_FAMILY = "1,2";
			};
			name = Release;
		};
		ADE445852B87AF9000EF56A3 /* Debug */ = {
			isa = XCBuildConfiguration;
			buildSettings = {
				ALWAYS_EMBED_SWIFT_STANDARD_LIBRARIES = YES;
				BUNDLE_LOADER = "$(TEST_HOST)";
				CODE_SIGN_STYLE = Automatic;
				CURRENT_PROJECT_VERSION = 1;
				DEVELOPMENT_TEAM = 66PKF55HK5;
				GENERATE_INFOPLIST_FILE = YES;
				IPHONEOS_DEPLOYMENT_TARGET = 17.2;
				MARKETING_VERSION = 1.0;
				PRODUCT_BUNDLE_IDENTIFIER = com.muhiro12.SwiftPlaygroundsTests;
				PRODUCT_NAME = "$(TARGET_NAME)";
				SWIFT_EMIT_LOC_STRINGS = NO;
				SWIFT_VERSION = 5.0;
				TARGETED_DEVICE_FAMILY = "1,2";
				TEST_HOST = "$(BUILT_PRODUCTS_DIR)/SwiftPlaygrounds.app/$(BUNDLE_EXECUTABLE_FOLDER_PATH)/SwiftPlaygrounds";
			};
			name = Debug;
		};
		ADE445862B87AF9000EF56A3 /* Release */ = {
			isa = XCBuildConfiguration;
			buildSettings = {
				ALWAYS_EMBED_SWIFT_STANDARD_LIBRARIES = YES;
				BUNDLE_LOADER = "$(TEST_HOST)";
				CODE_SIGN_STYLE = Automatic;
				CURRENT_PROJECT_VERSION = 1;
				DEVELOPMENT_TEAM = 66PKF55HK5;
				GENERATE_INFOPLIST_FILE = YES;
				IPHONEOS_DEPLOYMENT_TARGET = 17.2;
				MARKETING_VERSION = 1.0;
				PRODUCT_BUNDLE_IDENTIFIER = com.muhiro12.SwiftPlaygroundsTests;
				PRODUCT_NAME = "$(TARGET_NAME)";
				SWIFT_EMIT_LOC_STRINGS = NO;
				SWIFT_VERSION = 5.0;
				TARGETED_DEVICE_FAMILY = "1,2";
				TEST_HOST = "$(BUILT_PRODUCTS_DIR)/SwiftPlaygrounds.app/$(BUNDLE_EXECUTABLE_FOLDER_PATH)/SwiftPlaygrounds";
			};
			name = Release;
		};
		ADE445882B87AF9000EF56A3 /* Debug */ = {
			isa = XCBuildConfiguration;
			buildSettings = {
				ALWAYS_EMBED_SWIFT_STANDARD_LIBRARIES = YES;
				CODE_SIGN_STYLE = Automatic;
				CURRENT_PROJECT_VERSION = 1;
				DEVELOPMENT_TEAM = 66PKF55HK5;
				GENERATE_INFOPLIST_FILE = YES;
				MARKETING_VERSION = 1.0;
				PRODUCT_BUNDLE_IDENTIFIER = com.muhiro12.SwiftPlaygroundsUITests;
				PRODUCT_NAME = "$(TARGET_NAME)";
				SWIFT_EMIT_LOC_STRINGS = NO;
				SWIFT_VERSION = 5.0;
				TARGETED_DEVICE_FAMILY = "1,2";
				TEST_TARGET_NAME = SwiftPlaygrounds;
			};
			name = Debug;
		};
		ADE445892B87AF9000EF56A3 /* Release */ = {
			isa = XCBuildConfiguration;
			buildSettings = {
				ALWAYS_EMBED_SWIFT_STANDARD_LIBRARIES = YES;
				CODE_SIGN_STYLE = Automatic;
				CURRENT_PROJECT_VERSION = 1;
				DEVELOPMENT_TEAM = 66PKF55HK5;
				GENERATE_INFOPLIST_FILE = YES;
				MARKETING_VERSION = 1.0;
				PRODUCT_BUNDLE_IDENTIFIER = com.muhiro12.SwiftPlaygroundsUITests;
				PRODUCT_NAME = "$(TARGET_NAME)";
				SWIFT_EMIT_LOC_STRINGS = NO;
				SWIFT_VERSION = 5.0;
				TARGETED_DEVICE_FAMILY = "1,2";
				TEST_TARGET_NAME = SwiftPlaygrounds;
			};
			name = Release;
		};
/* End XCBuildConfiguration section */

/* Begin XCConfigurationList section */
		ADE445542B87AF8E00EF56A3 /* Build configuration list for PBXProject "SwiftPlaygrounds" */ = {
			isa = XCConfigurationList;
			buildConfigurations = (
				ADE4457F2B87AF9000EF56A3 /* Debug */,
				ADE445802B87AF9000EF56A3 /* Release */,
			);
			defaultConfigurationIsVisible = 0;
			defaultConfigurationName = Release;
		};
		ADE445812B87AF9000EF56A3 /* Build configuration list for PBXNativeTarget "SwiftPlaygrounds" */ = {
			isa = XCConfigurationList;
			buildConfigurations = (
				ADE445822B87AF9000EF56A3 /* Debug */,
				ADE445832B87AF9000EF56A3 /* Release */,
			);
			defaultConfigurationIsVisible = 0;
			defaultConfigurationName = Release;
		};
		ADE445842B87AF9000EF56A3 /* Build configuration list for PBXNativeTarget "SwiftPlaygroundsTests" */ = {
			isa = XCConfigurationList;
			buildConfigurations = (
				ADE445852B87AF9000EF56A3 /* Debug */,
				ADE445862B87AF9000EF56A3 /* Release */,
			);
			defaultConfigurationIsVisible = 0;
			defaultConfigurationName = Release;
		};
		ADE445872B87AF9000EF56A3 /* Build configuration list for PBXNativeTarget "SwiftPlaygroundsUITests" */ = {
			isa = XCConfigurationList;
			buildConfigurations = (
				ADE445882B87AF9000EF56A3 /* Debug */,
				ADE445892B87AF9000EF56A3 /* Release */,
			);
			defaultConfigurationIsVisible = 0;
			defaultConfigurationName = Release;
		};
/* End XCConfigurationList section */
	};
	rootObject = ADE445512B87AF8E00EF56A3 /* Project object */;
}
