// !$*UTF8*$!
{
	archiveVersion = 1;
	classes = {
	};
	objectVersion = 55;
	objects = {

/* Begin PBXBuildFile section */
		AD7D3AC42A9B44C800DE29A0 /* Item.swift in Sources */ = {isa = PBXBuildFile; fileRef = AD7D3AC32A9B44C800DE29A0 /* Item.swift */; };
		ADD99DC327840A3200D9F2B7 /* SwiftPlaygroundsApp.swift in Sources */ = {isa = PBXBuildFile; fileRef = ADD99DC227840A3200D9F2B7 /* SwiftPlaygroundsApp.swift */; };
		ADD99DC527840A3200D9F2B7 /* ContentView.swift in Sources */ = {isa = PBXBuildFile; fileRef = ADD99DC427840A3200D9F2B7 /* ContentView.swift */; };
		ADD99DC727840A3400D9F2B7 /* Assets.xcassets in Resources */ = {isa = PBXBuildFile; fileRef = ADD99DC627840A3400D9F2B7 /* Assets.xcassets */; };
		ADD99DCA27840A3400D9F2B7 /* Preview Assets.xcassets in Resources */ = {isa = PBXBuildFile; fileRef = ADD99DC927840A3400D9F2B7 /* Preview Assets.xcassets */; };
		ADD99DD927840A3400D9F2B7 /* SwiftPlaygroundsTests.swift in Sources */ = {isa = PBXBuildFile; fileRef = ADD99DD827840A3400D9F2B7 /* SwiftPlaygroundsTests.swift */; };
		ADD99DE327840A3400D9F2B7 /* SwiftPlaygroundsUITests.swift in Sources */ = {isa = PBXBuildFile; fileRef = ADD99DE227840A3400D9F2B7 /* SwiftPlaygroundsUITests.swift */; };
		ADD99DE527840A3400D9F2B7 /* SwiftPlaygroundsUITestsLaunchTests.swift in Sources */ = {isa = PBXBuildFile; fileRef = ADD99DE427840A3400D9F2B7 /* SwiftPlaygroundsUITestsLaunchTests.swift */; };
/* End PBXBuildFile section */

/* Begin PBXContainerItemProxy section */
		ADD99DD527840A3400D9F2B7 /* PBXContainerItemProxy */ = {
			isa = PBXContainerItemProxy;
			containerPortal = ADD99DB727840A3200D9F2B7 /* Project object */;
			proxyType = 1;
			remoteGlobalIDString = ADD99DBE27840A3200D9F2B7;
			remoteInfo = SwiftPlaygrounds;
		};
		ADD99DDF27840A3400D9F2B7 /* PBXContainerItemProxy */ = {
			isa = PBXContainerItemProxy;
			containerPortal = ADD99DB727840A3200D9F2B7 /* Project object */;
			proxyType = 1;
			remoteGlobalIDString = ADD99DBE27840A3200D9F2B7;
			remoteInfo = SwiftPlaygrounds;
		};
/* End PBXContainerItemProxy section */

/* Begin PBXFileReference section */
		AD7D3AC32A9B44C800DE29A0 /* Item.swift */ = {isa = PBXFileReference; fileEncoding = 4; lastKnownFileType = sourcecode.swift; path = Item.swift; sourceTree = "<group>"; };
		ADD99DBF27840A3200D9F2B7 /* SwiftPlaygrounds.app */ = {isa = PBXFileReference; explicitFileType = wrapper.application; includeInIndex = 0; path = SwiftPlaygrounds.app; sourceTree = BUILT_PRODUCTS_DIR; };
		ADD99DC227840A3200D9F2B7 /* SwiftPlaygroundsApp.swift */ = {isa = PBXFileReference; lastKnownFileType = sourcecode.swift; path = SwiftPlaygroundsApp.swift; sourceTree = "<group>"; };
		ADD99DC427840A3200D9F2B7 /* ContentView.swift */ = {isa = PBXFileReference; lastKnownFileType = sourcecode.swift; path = ContentView.swift; sourceTree = "<group>"; };
		ADD99DC627840A3400D9F2B7 /* Assets.xcassets */ = {isa = PBXFileReference; lastKnownFileType = folder.assetcatalog; path = Assets.xcassets; sourceTree = "<group>"; };
		ADD99DC927840A3400D9F2B7 /* Preview Assets.xcassets */ = {isa = PBXFileReference; lastKnownFileType = folder.assetcatalog; path = "Preview Assets.xcassets"; sourceTree = "<group>"; };
		ADD99DD427840A3400D9F2B7 /* SwiftPlaygroundsTests.xctest */ = {isa = PBXFileReference; explicitFileType = wrapper.cfbundle; includeInIndex = 0; path = SwiftPlaygroundsTests.xctest; sourceTree = BUILT_PRODUCTS_DIR; };
		ADD99DD827840A3400D9F2B7 /* SwiftPlaygroundsTests.swift */ = {isa = PBXFileReference; lastKnownFileType = sourcecode.swift; path = SwiftPlaygroundsTests.swift; sourceTree = "<group>"; };
		ADD99DDE27840A3400D9F2B7 /* SwiftPlaygroundsUITests.xctest */ = {isa = PBXFileReference; explicitFileType = wrapper.cfbundle; includeInIndex = 0; path = SwiftPlaygroundsUITests.xctest; sourceTree = BUILT_PRODUCTS_DIR; };
		ADD99DE227840A3400D9F2B7 /* SwiftPlaygroundsUITests.swift */ = {isa = PBXFileReference; lastKnownFileType = sourcecode.swift; path = SwiftPlaygroundsUITests.swift; sourceTree = "<group>"; };
		ADD99DE427840A3400D9F2B7 /* SwiftPlaygroundsUITestsLaunchTests.swift */ = {isa = PBXFileReference; lastKnownFileType = sourcecode.swift; path = SwiftPlaygroundsUITestsLaunchTests.swift; sourceTree = "<group>"; };
/* End PBXFileReference section */

/* Begin PBXFrameworksBuildPhase section */
		ADD99DBC27840A3200D9F2B7 /* Frameworks */ = {
			isa = PBXFrameworksBuildPhase;
			buildActionMask = 2147483647;
			files = (
			);
			runOnlyForDeploymentPostprocessing = 0;
		};
		ADD99DD127840A3400D9F2B7 /* Frameworks */ = {
			isa = PBXFrameworksBuildPhase;
			buildActionMask = 2147483647;
			files = (
			);
			runOnlyForDeploymentPostprocessing = 0;
		};
		ADD99DDB27840A3400D9F2B7 /* Frameworks */ = {
			isa = PBXFrameworksBuildPhase;
			buildActionMask = 2147483647;
			files = (
			);
			runOnlyForDeploymentPostprocessing = 0;
		};
/* End PBXFrameworksBuildPhase section */

/* Begin PBXGroup section */
		ADD99DB627840A3200D9F2B7 = {
			isa = PBXGroup;
			children = (
				ADD99DC127840A3200D9F2B7 /* SwiftPlaygrounds */,
				ADD99DD727840A3400D9F2B7 /* SwiftPlaygroundsTests */,
				ADD99DE127840A3400D9F2B7 /* SwiftPlaygroundsUITests */,
				ADD99DC027840A3200D9F2B7 /* Products */,
			);
			sourceTree = "<group>";
		};
		ADD99DC027840A3200D9F2B7 /* Products */ = {
			isa = PBXGroup;
			children = (
				ADD99DBF27840A3200D9F2B7 /* SwiftPlaygrounds.app */,
				ADD99DD427840A3400D9F2B7 /* SwiftPlaygroundsTests.xctest */,
				ADD99DDE27840A3400D9F2B7 /* SwiftPlaygroundsUITests.xctest */,
			);
			name = Products;
			sourceTree = "<group>";
		};
		ADD99DC127840A3200D9F2B7 /* SwiftPlaygrounds */ = {
			isa = PBXGroup;
			children = (
				ADD99DC427840A3200D9F2B7 /* ContentView.swift */,
				AD7D3AC32A9B44C800DE29A0 /* Item.swift */,
				ADD99DC227840A3200D9F2B7 /* SwiftPlaygroundsApp.swift */,
				ADD99DC627840A3400D9F2B7 /* Assets.xcassets */,
				ADD99DC827840A3400D9F2B7 /* Preview Content */,
			);
			path = SwiftPlaygrounds;
			sourceTree = "<group>";
		};
		ADD99DC827840A3400D9F2B7 /* Preview Content */ = {
			isa = PBXGroup;
			children = (
				ADD99DC927840A3400D9F2B7 /* Preview Assets.xcassets */,
			);
			path = "Preview Content";
			sourceTree = "<group>";
		};
		ADD99DD727840A3400D9F2B7 /* SwiftPlaygroundsTests */ = {
			isa = PBXGroup;
			children = (
				ADD99DD827840A3400D9F2B7 /* SwiftPlaygroundsTests.swift */,
			);
			path = SwiftPlaygroundsTests;
			sourceTree = "<group>";
		};
		ADD99DE127840A3400D9F2B7 /* SwiftPlaygroundsUITests */ = {
			isa = PBXGroup;
			children = (
				ADD99DE227840A3400D9F2B7 /* SwiftPlaygroundsUITests.swift */,
				ADD99DE427840A3400D9F2B7 /* SwiftPlaygroundsUITestsLaunchTests.swift */,
			);
			path = SwiftPlaygroundsUITests;
			sourceTree = "<group>";
		};
/* End PBXGroup section */

/* Begin PBXNativeTarget section */
		ADD99DBE27840A3200D9F2B7 /* SwiftPlaygrounds */ = {
			isa = PBXNativeTarget;
			buildConfigurationList = ADD99DE827840A3400D9F2B7 /* Build configuration list for PBXNativeTarget "SwiftPlaygrounds" */;
			buildPhases = (
				ADD99DBB27840A3200D9F2B7 /* Sources */,
				ADD99DBC27840A3200D9F2B7 /* Frameworks */,
				ADD99DBD27840A3200D9F2B7 /* Resources */,
			);
			buildRules = (
			);
			dependencies = (
			);
			name = SwiftPlaygrounds;
			productName = SwiftPlaygrounds;
			productReference = ADD99DBF27840A3200D9F2B7 /* SwiftPlaygrounds.app */;
			productType = "com.apple.product-type.application";
		};
		ADD99DD327840A3400D9F2B7 /* SwiftPlaygroundsTests */ = {
			isa = PBXNativeTarget;
			buildConfigurationList = ADD99DEB27840A3400D9F2B7 /* Build configuration list for PBXNativeTarget "SwiftPlaygroundsTests" */;
			buildPhases = (
				ADD99DD027840A3400D9F2B7 /* Sources */,
				ADD99DD127840A3400D9F2B7 /* Frameworks */,
				ADD99DD227840A3400D9F2B7 /* Resources */,
			);
			buildRules = (
			);
			dependencies = (
				ADD99DD627840A3400D9F2B7 /* PBXTargetDependency */,
			);
			name = SwiftPlaygroundsTests;
			productName = SwiftPlaygroundsTests;
			productReference = ADD99DD427840A3400D9F2B7 /* SwiftPlaygroundsTests.xctest */;
			productType = "com.apple.product-type.bundle.unit-test";
		};
		ADD99DDD27840A3400D9F2B7 /* SwiftPlaygroundsUITests */ = {
			isa = PBXNativeTarget;
			buildConfigurationList = ADD99DEE27840A3400D9F2B7 /* Build configuration list for PBXNativeTarget "SwiftPlaygroundsUITests" */;
			buildPhases = (
				ADD99DDA27840A3400D9F2B7 /* Sources */,
				ADD99DDB27840A3400D9F2B7 /* Frameworks */,
				ADD99DDC27840A3400D9F2B7 /* Resources */,
			);
			buildRules = (
			);
			dependencies = (
				ADD99DE027840A3400D9F2B7 /* PBXTargetDependency */,
			);
			name = SwiftPlaygroundsUITests;
			productName = SwiftPlaygroundsUITests;
			productReference = ADD99DDE27840A3400D9F2B7 /* SwiftPlaygroundsUITests.xctest */;
			productType = "com.apple.product-type.bundle.ui-testing";
		};
/* End PBXNativeTarget section */

/* Begin PBXProject section */
		ADD99DB727840A3200D9F2B7 /* Project object */ = {
			isa = PBXProject;
			attributes = {
				BuildIndependentTargetsInParallel = 1;
				LastSwiftUpdateCheck = 1320;
				LastUpgradeCheck = 1320;
				TargetAttributes = {
					ADD99DBE27840A3200D9F2B7 = {
						CreatedOnToolsVersion = 13.2.1;
					};
					ADD99DD327840A3400D9F2B7 = {
						CreatedOnToolsVersion = 13.2.1;
						TestTargetID = ADD99DBE27840A3200D9F2B7;
					};
					ADD99DDD27840A3400D9F2B7 = {
						CreatedOnToolsVersion = 13.2.1;
						TestTargetID = ADD99DBE27840A3200D9F2B7;
					};
				};
			};
			buildConfigurationList = ADD99DBA27840A3200D9F2B7 /* Build configuration list for PBXProject "SwiftPlaygrounds" */;
			compatibilityVersion = "Xcode 13.0";
			developmentRegion = en;
			hasScannedForEncodings = 0;
			knownRegions = (
				en,
				Base,
			);
			mainGroup = ADD99DB627840A3200D9F2B7;
			productRefGroup = ADD99DC027840A3200D9F2B7 /* Products */;
			projectDirPath = "";
			projectRoot = "";
			targets = (
				ADD99DBE27840A3200D9F2B7 /* SwiftPlaygrounds */,
				ADD99DD327840A3400D9F2B7 /* SwiftPlaygroundsTests */,
				ADD99DDD27840A3400D9F2B7 /* SwiftPlaygroundsUITests */,
			);
		};
/* End PBXProject section */

/* Begin PBXResourcesBuildPhase section */
		ADD99DBD27840A3200D9F2B7 /* Resources */ = {
			isa = PBXResourcesBuildPhase;
			buildActionMask = 2147483647;
			files = (
				ADD99DCA27840A3400D9F2B7 /* Preview Assets.xcassets in Resources */,
				ADD99DC727840A3400D9F2B7 /* Assets.xcassets in Resources */,
			);
			runOnlyForDeploymentPostprocessing = 0;
		};
		ADD99DD227840A3400D9F2B7 /* Resources */ = {
			isa = PBXResourcesBuildPhase;
			buildActionMask = 2147483647;
			files = (
			);
			runOnlyForDeploymentPostprocessing = 0;
		};
		ADD99DDC27840A3400D9F2B7 /* Resources */ = {
			isa = PBXResourcesBuildPhase;
			buildActionMask = 2147483647;
			files = (
			);
			runOnlyForDeploymentPostprocessing = 0;
		};
/* End PBXResourcesBuildPhase section */

/* Begin PBXSourcesBuildPhase section */
		ADD99DBB27840A3200D9F2B7 /* Sources */ = {
			isa = PBXSourcesBuildPhase;
			buildActionMask = 2147483647;
			files = (
				ADD99DC527840A3200D9F2B7 /* ContentView.swift in Sources */,
				AD7D3AC42A9B44C800DE29A0 /* Item.swift in Sources */,
				ADD99DC327840A3200D9F2B7 /* SwiftPlaygroundsApp.swift in Sources */,
			);
			runOnlyForDeploymentPostprocessing = 0;
		};
		ADD99DD027840A3400D9F2B7 /* Sources */ = {
			isa = PBXSourcesBuildPhase;
			buildActionMask = 2147483647;
			files = (
				ADD99DD927840A3400D9F2B7 /* SwiftPlaygroundsTests.swift in Sources */,
			);
			runOnlyForDeploymentPostprocessing = 0;
		};
		ADD99DDA27840A3400D9F2B7 /* Sources */ = {
			isa = PBXSourcesBuildPhase;
			buildActionMask = 2147483647;
			files = (
				ADD99DE327840A3400D9F2B7 /* SwiftPlaygroundsUITests.swift in Sources */,
				ADD99DE527840A3400D9F2B7 /* SwiftPlaygroundsUITestsLaunchTests.swift in Sources */,
			);
			runOnlyForDeploymentPostprocessing = 0;
		};
/* End PBXSourcesBuildPhase section */

/* Begin PBXTargetDependency section */
		ADD99DD627840A3400D9F2B7 /* PBXTargetDependency */ = {
			isa = PBXTargetDependency;
			target = ADD99DBE27840A3200D9F2B7 /* SwiftPlaygrounds */;
			targetProxy = ADD99DD527840A3400D9F2B7 /* PBXContainerItemProxy */;
		};
		ADD99DE027840A3400D9F2B7 /* PBXTargetDependency */ = {
			isa = PBXTargetDependency;
			target = ADD99DBE27840A3200D9F2B7 /* SwiftPlaygrounds */;
			targetProxy = ADD99DDF27840A3400D9F2B7 /* PBXContainerItemProxy */;
		};
/* End PBXTargetDependency section */

/* Begin XCBuildConfiguration section */
		ADD99DE627840A3400D9F2B7 /* Debug */ = {
			isa = XCBuildConfiguration;
			buildSettings = {
				ALWAYS_SEARCH_USER_PATHS = NO;
				CLANG_ANALYZER_NONNULL = YES;
				CLANG_ANALYZER_NUMBER_OBJECT_CONVERSION = YES_AGGRESSIVE;
				CLANG_CXX_LANGUAGE_STANDARD = "gnu++17";
				CLANG_CXX_LIBRARY = "libc++";
				CLANG_ENABLE_MODULES = YES;
				CLANG_ENABLE_OBJC_ARC = YES;
				CLANG_ENABLE_OBJC_WEAK = YES;
				CLANG_WARN_BLOCK_CAPTURE_AUTORELEASING = YES;
				CLANG_WARN_BOOL_CONVERSION = YES;
				CLANG_WARN_COMMA = YES;
				CLANG_WARN_CONSTANT_CONVERSION = YES;
				CLANG_WARN_DEPRECATED_OBJC_IMPLEMENTATIONS = YES;
				CLANG_WARN_DIRECT_OBJC_ISA_USAGE = YES_ERROR;
				CLANG_WARN_DOCUMENTATION_COMMENTS = YES;
				CLANG_WARN_EMPTY_BODY = YES;
				CLANG_WARN_ENUM_CONVERSION = YES;
				CLANG_WARN_INFINITE_RECURSION = YES;
				CLANG_WARN_INT_CONVERSION = YES;
				CLANG_WARN_NON_LITERAL_NULL_CONVERSION = YES;
				CLANG_WARN_OBJC_IMPLICIT_RETAIN_SELF = YES;
				CLANG_WARN_OBJC_LITERAL_CONVERSION = YES;
				CLANG_WARN_OBJC_ROOT_CLASS = YES_ERROR;
				CLANG_WARN_QUOTED_INCLUDE_IN_FRAMEWORK_HEADER = YES;
				CLANG_WARN_RANGE_LOOP_ANALYSIS = YES;
				CLANG_WARN_STRICT_PROTOTYPES = YES;
				CLANG_WARN_SUSPICIOUS_MOVE = YES;
				CLANG_WARN_UNGUARDED_AVAILABILITY = YES_AGGRESSIVE;
				CLANG_WARN_UNREACHABLE_CODE = YES;
				CLANG_WARN__DUPLICATE_METHOD_MATCH = YES;
				COPY_PHASE_STRIP = NO;
				DEBUG_INFORMATION_FORMAT = dwarf;
				ENABLE_STRICT_OBJC_MSGSEND = YES;
				ENABLE_TESTABILITY = YES;
				GCC_C_LANGUAGE_STANDARD = gnu11;
				GCC_DYNAMIC_NO_PIC = NO;
				GCC_NO_COMMON_BLOCKS = YES;
				GCC_OPTIMIZATION_LEVEL = 0;
				GCC_PREPROCESSOR_DEFINITIONS = (
					"DEBUG=1",
					"$(inherited)",
				);
				GCC_WARN_64_TO_32_BIT_CONVERSION = YES;
				GCC_WARN_ABOUT_RETURN_TYPE = YES_ERROR;
				GCC_WARN_UNDECLARED_SELECTOR = YES;
				GCC_WARN_UNINITIALIZED_AUTOS = YES_AGGRESSIVE;
				GCC_WARN_UNUSED_FUNCTION = YES;
				GCC_WARN_UNUSED_VARIABLE = YES;
				IPHONEOS_DEPLOYMENT_TARGET = 17.0;
				MTL_ENABLE_DEBUG_INFO = INCLUDE_SOURCE;
				MTL_FAST_MATH = YES;
				ONLY_ACTIVE_ARCH = YES;
				SDKROOT = iphoneos;
				SWIFT_ACTIVE_COMPILATION_CONDITIONS = DEBUG;
				SWIFT_OPTIMIZATION_LEVEL = "-Onone";
			};
			name = Debug;
		};
		ADD99DE727840A3400D9F2B7 /* Release */ = {
			isa = XCBuildConfiguration;
			buildSettings = {
				ALWAYS_SEARCH_USER_PATHS = NO;
				CLANG_ANALYZER_NONNULL = YES;
				CLANG_ANALYZER_NUMBER_OBJECT_CONVERSION = YES_AGGRESSIVE;
				CLANG_CXX_LANGUAGE_STANDARD = "gnu++17";
				CLANG_CXX_LIBRARY = "libc++";
				CLANG_ENABLE_MODULES = YES;
				CLANG_ENABLE_OBJC_ARC = YES;
				CLANG_ENABLE_OBJC_WEAK = YES;
				CLANG_WARN_BLOCK_CAPTURE_AUTORELEASING = YES;
				CLANG_WARN_BOOL_CONVERSION = YES;
				CLANG_WARN_COMMA = YES;
				CLANG_WARN_CONSTANT_CONVERSION = YES;
				CLANG_WARN_DEPRECATED_OBJC_IMPLEMENTATIONS = YES;
				CLANG_WARN_DIRECT_OBJC_ISA_USAGE = YES_ERROR;
				CLANG_WARN_DOCUMENTATION_COMMENTS = YES;
				CLANG_WARN_EMPTY_BODY = YES;
				CLANG_WARN_ENUM_CONVERSION = YES;
				CLANG_WARN_INFINITE_RECURSION = YES;
				CLANG_WARN_INT_CONVERSION = YES;
				CLANG_WARN_NON_LITERAL_NULL_CONVERSION = YES;
				CLANG_WARN_OBJC_IMPLICIT_RETAIN_SELF = YES;
				CLANG_WARN_OBJC_LITERAL_CONVERSION = YES;
				CLANG_WARN_OBJC_ROOT_CLASS = YES_ERROR;
				CLANG_WARN_QUOTED_INCLUDE_IN_FRAMEWORK_HEADER = YES;
				CLANG_WARN_RANGE_LOOP_ANALYSIS = YES;
				CLANG_WARN_STRICT_PROTOTYPES = YES;
				CLANG_WARN_SUSPICIOUS_MOVE = YES;
				CLANG_WARN_UNGUARDED_AVAILABILITY = YES_AGGRESSIVE;
				CLANG_WARN_UNREACHABLE_CODE = YES;
				CLANG_WARN__DUPLICATE_METHOD_MATCH = YES;
				COPY_PHASE_STRIP = NO;
				DEBUG_INFORMATION_FORMAT = "dwarf-with-dsym";
				ENABLE_NS_ASSERTIONS = NO;
				ENABLE_STRICT_OBJC_MSGSEND = YES;
				GCC_C_LANGUAGE_STANDARD = gnu11;
				GCC_NO_COMMON_BLOCKS = YES;
				GCC_WARN_64_TO_32_BIT_CONVERSION = YES;
				GCC_WARN_ABOUT_RETURN_TYPE = YES_ERROR;
				GCC_WARN_UNDECLARED_SELECTOR = YES;
				GCC_WARN_UNINITIALIZED_AUTOS = YES_AGGRESSIVE;
				GCC_WARN_UNUSED_FUNCTION = YES;
				GCC_WARN_UNUSED_VARIABLE = YES;
				IPHONEOS_DEPLOYMENT_TARGET = 17.0;
				MTL_ENABLE_DEBUG_INFO = NO;
				MTL_FAST_MATH = YES;
				SDKROOT = iphoneos;
				SWIFT_COMPILATION_MODE = wholemodule;
				SWIFT_OPTIMIZATION_LEVEL = "-O";
				VALIDATE_PRODUCT = YES;
			};
			name = Release;
		};
		ADD99DE927840A3400D9F2B7 /* Debug */ = {
			isa = XCBuildConfiguration;
			buildSettings = {
				ASSETCATALOG_COMPILER_APPICON_NAME = AppIcon;
				ASSETCATALOG_COMPILER_GLOBAL_ACCENT_COLOR_NAME = AccentColor;
				CODE_SIGN_STYLE = Automatic;
				CURRENT_PROJECT_VERSION = 1;
				DEVELOPMENT_ASSET_PATHS = "\"SwiftPlaygrounds/Preview Content\"";
				DEVELOPMENT_TEAM = 66PKF55HK5;
				ENABLE_PREVIEWS = YES;
				GENERATE_INFOPLIST_FILE = YES;
				INFOPLIST_KEY_UIApplicationSceneManifest_Generation = YES;
				INFOPLIST_KEY_UIApplicationSupportsIndirectInputEvents = YES;
				INFOPLIST_KEY_UILaunchScreen_Generation = YES;
				INFOPLIST_KEY_UISupportedInterfaceOrientations_iPad = "UIInterfaceOrientationPortrait UIInterfaceOrientationPortraitUpsideDown UIInterfaceOrientationLandscapeLeft UIInterfaceOrientationLandscapeRight";
				INFOPLIST_KEY_UISupportedInterfaceOrientations_iPhone = "UIInterfaceOrientationPortrait UIInterfaceOrientationLandscapeLeft UIInterfaceOrientationLandscapeRight";
				LD_RUNPATH_SEARCH_PATHS = (
					"$(inherited)",
					"@executable_path/Frameworks",
				);
				MARKETING_VERSION = 1.0;
				PRODUCT_BUNDLE_IDENTIFIER = com.muhiro12.SwiftPlaygrounds;
				PRODUCT_NAME = "$(TARGET_NAME)";
				SWIFT_EMIT_LOC_STRINGS = YES;
				SWIFT_VERSION = 5.0;
				TARGETED_DEVICE_FAMILY = "1,2";
			};
			name = Debug;
		};
		ADD99DEA27840A3400D9F2B7 /* Release */ = {
			isa = XCBuildConfiguration;
			buildSettings = {
				ASSETCATALOG_COMPILER_APPICON_NAME = AppIcon;
				ASSETCATALOG_COMPILER_GLOBAL_ACCENT_COLOR_NAME = AccentColor;
				CODE_SIGN_STYLE = Automatic;
				CURRENT_PROJECT_VERSION = 1;
				DEVELOPMENT_ASSET_PATHS = "\"SwiftPlaygrounds/Preview Content\"";
				DEVELOPMENT_TEAM = 66PKF55HK5;
				ENABLE_PREVIEWS = YES;
				GENERATE_INFOPLIST_FILE = YES;
				INFOPLIST_KEY_UIApplicationSceneManifest_Generation = YES;
				INFOPLIST_KEY_UIApplicationSupportsIndirectInputEvents = YES;
				INFOPLIST_KEY_UILaunchScreen_Generation = YES;
				INFOPLIST_KEY_UISupportedInterfaceOrientations_iPad = "UIInterfaceOrientationPortrait UIInterfaceOrientationPortraitUpsideDown UIInterfaceOrientationLandscapeLeft UIInterfaceOrientationLandscapeRight";
				INFOPLIST_KEY_UISupportedInterfaceOrientations_iPhone = "UIInterfaceOrientationPortrait UIInterfaceOrientationLandscapeLeft UIInterfaceOrientationLandscapeRight";
				LD_RUNPATH_SEARCH_PATHS = (
					"$(inherited)",
					"@executable_path/Frameworks",
				);
				MARKETING_VERSION = 1.0;
				PRODUCT_BUNDLE_IDENTIFIER = com.muhiro12.SwiftPlaygrounds;
				PRODUCT_NAME = "$(TARGET_NAME)";
				SWIFT_EMIT_LOC_STRINGS = YES;
				SWIFT_VERSION = 5.0;
				TARGETED_DEVICE_FAMILY = "1,2";
			};
			name = Release;
		};
		ADD99DEC27840A3400D9F2B7 /* Debug */ = {
			isa = XCBuildConfiguration;
			buildSettings = {
				ALWAYS_EMBED_SWIFT_STANDARD_LIBRARIES = YES;
				BUNDLE_LOADER = "$(TEST_HOST)";
				CODE_SIGN_STYLE = Automatic;
				CURRENT_PROJECT_VERSION = 1;
				DEVELOPMENT_TEAM = 66PKF55HK5;
				GENERATE_INFOPLIST_FILE = YES;
				IPHONEOS_DEPLOYMENT_TARGET = 15.2;
				MARKETING_VERSION = 1.0;
				PRODUCT_BUNDLE_IDENTIFIER = com.muhiro12.SwiftPlaygroundsTests;
				PRODUCT_NAME = "$(TARGET_NAME)";
				SWIFT_EMIT_LOC_STRINGS = NO;
				SWIFT_VERSION = 5.0;
				TARGETED_DEVICE_FAMILY = "1,2";
				TEST_HOST = "$(BUILT_PRODUCTS_DIR)/SwiftPlaygrounds.app/SwiftPlaygrounds";
			};
			name = Debug;
		};
		ADD99DED27840A3400D9F2B7 /* Release */ = {
			isa = XCBuildConfiguration;
			buildSettings = {
				ALWAYS_EMBED_SWIFT_STANDARD_LIBRARIES = YES;
				BUNDLE_LOADER = "$(TEST_HOST)";
				CODE_SIGN_STYLE = Automatic;
				CURRENT_PROJECT_VERSION = 1;
				DEVELOPMENT_TEAM = 66PKF55HK5;
				GENERATE_INFOPLIST_FILE = YES;
				IPHONEOS_DEPLOYMENT_TARGET = 15.2;
				MARKETING_VERSION = 1.0;
				PRODUCT_BUNDLE_IDENTIFIER = com.muhiro12.SwiftPlaygroundsTests;
				PRODUCT_NAME = "$(TARGET_NAME)";
				SWIFT_EMIT_LOC_STRINGS = NO;
				SWIFT_VERSION = 5.0;
				TARGETED_DEVICE_FAMILY = "1,2";
				TEST_HOST = "$(BUILT_PRODUCTS_DIR)/SwiftPlaygrounds.app/SwiftPlaygrounds";
			};
			name = Release;
		};
		ADD99DEF27840A3400D9F2B7 /* Debug */ = {
			isa = XCBuildConfiguration;
			buildSettings = {
				ALWAYS_EMBED_SWIFT_STANDARD_LIBRARIES = YES;
				CODE_SIGN_STYLE = Automatic;
				CURRENT_PROJECT_VERSION = 1;
				DEVELOPMENT_TEAM = 66PKF55HK5;
				GENERATE_INFOPLIST_FILE = YES;
				MARKETING_VERSION = 1.0;
				PRODUCT_BUNDLE_IDENTIFIER = com.muhiro12.SwiftPlaygroundsUITests;
				PRODUCT_NAME = "$(TARGET_NAME)";
				SWIFT_EMIT_LOC_STRINGS = NO;
				SWIFT_VERSION = 5.0;
				TARGETED_DEVICE_FAMILY = "1,2";
				TEST_TARGET_NAME = SwiftPlaygrounds;
			};
			name = Debug;
		};
		ADD99DF027840A3400D9F2B7 /* Release */ = {
			isa = XCBuildConfiguration;
			buildSettings = {
				ALWAYS_EMBED_SWIFT_STANDARD_LIBRARIES = YES;
				CODE_SIGN_STYLE = Automatic;
				CURRENT_PROJECT_VERSION = 1;
				DEVELOPMENT_TEAM = 66PKF55HK5;
				GENERATE_INFOPLIST_FILE = YES;
				MARKETING_VERSION = 1.0;
				PRODUCT_BUNDLE_IDENTIFIER = com.muhiro12.SwiftPlaygroundsUITests;
				PRODUCT_NAME = "$(TARGET_NAME)";
				SWIFT_EMIT_LOC_STRINGS = NO;
				SWIFT_VERSION = 5.0;
				TARGETED_DEVICE_FAMILY = "1,2";
				TEST_TARGET_NAME = SwiftPlaygrounds;
			};
			name = Release;
		};
/* End XCBuildConfiguration section */

/* Begin XCConfigurationList section */
		ADD99DBA27840A3200D9F2B7 /* Build configuration list for PBXProject "SwiftPlaygrounds" */ = {
			isa = XCConfigurationList;
			buildConfigurations = (
				ADD99DE627840A3400D9F2B7 /* Debug */,
				ADD99DE727840A3400D9F2B7 /* Release */,
			);
			defaultConfigurationIsVisible = 0;
			defaultConfigurationName = Release;
		};
		ADD99DE827840A3400D9F2B7 /* Build configuration list for PBXNativeTarget "SwiftPlaygrounds" */ = {
			isa = XCConfigurationList;
			buildConfigurations = (
				ADD99DE927840A3400D9F2B7 /* Debug */,
				ADD99DEA27840A3400D9F2B7 /* Release */,
			);
			defaultConfigurationIsVisible = 0;
			defaultConfigurationName = Release;
		};
		ADD99DEB27840A3400D9F2B7 /* Build configuration list for PBXNativeTarget "SwiftPlaygroundsTests" */ = {
			isa = XCConfigurationList;
			buildConfigurations = (
				ADD99DEC27840A3400D9F2B7 /* Debug */,
				ADD99DED27840A3400D9F2B7 /* Release */,
			);
			defaultConfigurationIsVisible = 0;
			defaultConfigurationName = Release;
		};
		ADD99DEE27840A3400D9F2B7 /* Build configuration list for PBXNativeTarget "SwiftPlaygroundsUITests" */ = {
			isa = XCConfigurationList;
			buildConfigurations = (
				ADD99DEF27840A3400D9F2B7 /* Debug */,
				ADD99DF027840A3400D9F2B7 /* Release */,
			);
			defaultConfigurationIsVisible = 0;
			defaultConfigurationName = Release;
		};
/* End XCConfigurationList section */
	};
	rootObject = ADD99DB727840A3200D9F2B7 /* Project object */;
}
